
Microsoft Visual Studio Solution File, Format Version 12.00
# Visual Studio Version 17
VisualStudioVersion = 17.0.31919.166
MinimumVisualStudioVersion = 10.0.40219.1
Project("{9A19103F-16F7-4668-BE54-9A1E7A4F7556}") = "JWT", "JWT\JWT.csproj", "{895DB944-5B0A-41D1-AD0A-1A67E2EC0032}"
EndProject
Project("{9A19103F-16F7-4668-BE54-9A1E7A4F7556}") = "WebApi", "WebApi\WebApi.csproj", "{EBDEA28B-785A-424A-A52C-133D40E95334}"
EndProject
Project("{9A19103F-16F7-4668-BE54-9A1E7A4F7556}") = "DAL", "DAL\DAL.csproj", "{0B0DB140-502B-44D3-891B-DBECC061E98F}"
EndProject
Project("{FAE04EC0-301F-11D3-BF4B-00C04F79EFBC}") = "Email", "Email\Email.csproj", "{FC94D427-EFE6-4C4F-A805-C9B10F5AFDB7}"
EndProject
Project("{FAE04EC0-301F-11D3-BF4B-00C04F79EFBC}") = "Common", "Common\Common.csproj", "{9C233E11-ABC3-4A31-B3F3-520AD0A954E7}"
EndProject
Global
	GlobalSection(SolutionConfigurationPlatforms) = preSolution
		Debug|Any CPU = Debug|Any CPU
		Release|Any CPU = Release|Any CPU
	EndGlobalSection
	GlobalSection(ProjectConfigurationPlatforms) = postSolution
		{895DB944-5B0A-41D1-AD0A-1A67E2EC0032}.Debug|Any CPU.ActiveCfg = Debug|Any CPU
		{895DB944-5B0A-41D1-AD0A-1A67E2EC0032}.Debug|Any CPU.Build.0 = Debug|Any CPU
		{895DB944-5B0A-41D1-AD0A-1A67E2EC0032}.Release|Any CPU.ActiveCfg = Release|Any CPU
		{895DB944-5B0A-41D1-AD0A-1A67E2EC0032}.Release|Any CPU.Build.0 = Release|Any CPU
		{EBDEA28B-785A-424A-A52C-133D40E95334}.Debug|Any CPU.ActiveCfg = Debug|Any CPU
		{EBDEA28B-785A-424A-A52C-133D40E95334}.Debug|Any CPU.Build.0 = Debug|Any CPU
		{EBDEA28B-785A-424A-A52C-133D40E95334}.Release|Any CPU.ActiveCfg = Release|Any CPU
		{EBDEA28B-785A-424A-A52C-133D40E95334}.Release|Any CPU.Build.0 = Release|Any CPU
		{0B0DB140-502B-44D3-891B-DBECC061E98F}.Debug|Any CPU.ActiveCfg = Debug|Any CPU
		{0B0DB140-502B-44D3-891B-DBECC061E98F}.Debug|Any CPU.Build.0 = Debug|Any CPU
		{0B0DB140-502B-44D3-891B-DBECC061E98F}.Release|Any CPU.ActiveCfg = Release|Any CPU
		{0B0DB140-502B-44D3-891B-DBECC061E98F}.Release|Any CPU.Build.0 = Release|Any CPU
		{FC94D427-EFE6-4C4F-A805-C9B10F5AFDB7}.Debug|Any CPU.ActiveCfg = Debug|Any CPU
		{FC94D427-EFE6-4C4F-A805-C9B10F5AFDB7}.Debug|Any CPU.Build.0 = Debug|Any CPU
		{FC94D427-EFE6-4C4F-A805-C9B10F5AFDB7}.Release|Any CPU.ActiveCfg = Release|Any CPU
		{FC94D427-EFE6-4C4F-A805-C9B10F5AFDB7}.Release|Any CPU.Build.0 = Release|Any CPU
		{9C233E11-ABC3-4A31-B3F3-520AD0A954E7}.Debug|Any CPU.ActiveCfg = Debug|Any CPU
		{9C233E11-ABC3-4A31-B3F3-520AD0A954E7}.Debug|Any CPU.Build.0 = Debug|Any CPU
		{9C233E11-ABC3-4A31-B3F3-520AD0A954E7}.Release|Any CPU.ActiveCfg = Release|Any CPU
		{9C233E11-ABC3-4A31-B3F3-520AD0A954E7}.Release|Any CPU.Build.0 = Release|Any CPU
	EndGlobalSection
	GlobalSection(SolutionProperties) = preSolution
		HideSolutionNode = FALSE
	EndGlobalSection
	GlobalSection(ExtensibilityGlobals) = postSolution
		SolutionGuid = {858EB4A4-EE3D-4EFB-B866-25490F8D0E62}
	EndGlobalSection
EndGlobal
